// !$*UTF8*$!
{
	archiveVersion = 1;
	classes = {
	};
	objectVersion = 46;
	objects = {

/* Begin PBXBuildFile section */
		BFE0B67E1EC98B84002C5CFF /* main.m in Sources */ = {isa = PBXBuildFile; fileRef = BFE0B67D1EC98B84002C5CFF /* main.m */; };
		BFE0B6811EC98B84002C5CFF /* AppDelegate.m in Sources */ = {isa = PBXBuildFile; fileRef = BFE0B6801EC98B84002C5CFF /* AppDelegate.m */; };
		BFE0B6841EC98B84002C5CFF /* ViewController.m in Sources */ = {isa = PBXBuildFile; fileRef = BFE0B6831EC98B84002C5CFF /* ViewController.m */; };
		BFE0B6871EC98B84002C5CFF /* Main.storyboard in Resources */ = {isa = PBXBuildFile; fileRef = BFE0B6851EC98B84002C5CFF /* Main.storyboard */; };
		BFE0B6891EC98B84002C5CFF /* Assets.xcassets in Resources */ = {isa = PBXBuildFile; fileRef = BFE0B6881EC98B84002C5CFF /* Assets.xcassets */; };
		BFE0B68C1EC98B84002C5CFF /* LaunchScreen.storyboard in Resources */ = {isa = PBXBuildFile; fileRef = BFE0B68A1EC98B84002C5CFF /* LaunchScreen.storyboard */; };
		BFE0B6951EC98C0F002C5CFF /* CameraViewController.m in Sources */ = {isa = PBXBuildFile; fileRef = BFE0B6941EC98C0F002C5CFF /* CameraViewController.m */; };
		BFE0B6981EC98C84002C5CFF /* CameraManager.m in Sources */ = {isa = PBXBuildFile; fileRef = BFE0B6971EC98C84002C5CFF /* CameraManager.m */; };
		BFE0B69B1EC98F3F002C5CFF /* UIImage+Resize.m in Sources */ = {isa = PBXBuildFile; fileRef = BFE0B69A1EC98F3F002C5CFF /* UIImage+Resize.m */; };
		BFE0B69D1EC99117002C5CFF /* CameraTopBarView.xib in Resources */ = {isa = PBXBuildFile; fileRef = BFE0B69C1EC99117002C5CFF /* CameraTopBarView.xib */; };
		BFE0B69F1EC992B3002C5CFF /* CameraBottomBar.xib in Resources */ = {isa = PBXBuildFile; fileRef = BFE0B69E1EC992B3002C5CFF /* CameraBottomBar.xib */; };
		BFE0B6BD1EC993BF002C5CFF /* LICENSE in Resources */ = {isa = PBXBuildFile; fileRef = BFE0B6A11EC993BF002C5CFF /* LICENSE */; };
		BFE0B6BE1EC993BF002C5CFF /* MASCompositeConstraint.m in Sources */ = {isa = PBXBuildFile; fileRef = BFE0B6A41EC993BF002C5CFF /* MASCompositeConstraint.m */; };
		BFE0B6BF1EC993BF002C5CFF /* MASConstraint.m in Sources */ = {isa = PBXBuildFile; fileRef = BFE0B6A71EC993BF002C5CFF /* MASConstraint.m */; };
		BFE0B6C01EC993BF002C5CFF /* MASConstraintMaker.m in Sources */ = {isa = PBXBuildFile; fileRef = BFE0B6A91EC993BF002C5CFF /* MASConstraintMaker.m */; };
		BFE0B6C11EC993BF002C5CFF /* MASLayoutConstraint.m in Sources */ = {isa = PBXBuildFile; fileRef = BFE0B6AB1EC993BF002C5CFF /* MASLayoutConstraint.m */; };
		BFE0B6C21EC993BF002C5CFF /* MASViewAttribute.m in Sources */ = {isa = PBXBuildFile; fileRef = BFE0B6AF1EC993BF002C5CFF /* MASViewAttribute.m */; };
		BFE0B6C31EC993BF002C5CFF /* MASViewConstraint.m in Sources */ = {isa = PBXBuildFile; fileRef = BFE0B6B11EC993BF002C5CFF /* MASViewConstraint.m */; };
		BFE0B6C41EC993BF002C5CFF /* NSArray+MASAdditions.m in Sources */ = {isa = PBXBuildFile; fileRef = BFE0B6B31EC993BF002C5CFF /* NSArray+MASAdditions.m */; };
		BFE0B6C51EC993BF002C5CFF /* NSLayoutConstraint+MASDebugAdditions.m in Sources */ = {isa = PBXBuildFile; fileRef = BFE0B6B61EC993BF002C5CFF /* NSLayoutConstraint+MASDebugAdditions.m */; };
		BFE0B6C61EC993BF002C5CFF /* View+MASAdditions.m in Sources */ = {isa = PBXBuildFile; fileRef = BFE0B6B81EC993BF002C5CFF /* View+MASAdditions.m */; };
		BFE0B6C71EC993BF002C5CFF /* ViewController+MASAdditions.m in Sources */ = {isa = PBXBuildFile; fileRef = BFE0B6BB1EC993BF002C5CFF /* ViewController+MASAdditions.m */; };
		BFE0B6C81EC993BF002C5CFF /* README.md in Sources */ = {isa = PBXBuildFile; fileRef = BFE0B6BC1EC993BF002C5CFF /* README.md */; };
		BFE0B6CB1EC99588002C5CFF /* UIView+Additions.m in Sources */ = {isa = PBXBuildFile; fileRef = BFE0B6CA1EC99588002C5CFF /* UIView+Additions.m */; };
/* End PBXBuildFile section */

/* Begin PBXFileReference section */
		BFE0B6791EC98B84002C5CFF /* myCamera.app */ = {isa = PBXFileReference; explicitFileType = wrapper.application; includeInIndex = 0; path = myCamera.app; sourceTree = BUILT_PRODUCTS_DIR; };
		BFE0B67D1EC98B84002C5CFF /* main.m */ = {isa = PBXFileReference; lastKnownFileType = sourcecode.c.objc; path = main.m; sourceTree = "<group>"; };
		BFE0B67F1EC98B84002C5CFF /* AppDelegate.h */ = {isa = PBXFileReference; lastKnownFileType = sourcecode.c.h; path = AppDelegate.h; sourceTree = "<group>"; };
		BFE0B6801EC98B84002C5CFF /* AppDelegate.m */ = {isa = PBXFileReference; lastKnownFileType = sourcecode.c.objc; path = AppDelegate.m; sourceTree = "<group>"; };
		BFE0B6821EC98B84002C5CFF /* ViewController.h */ = {isa = PBXFileReference; lastKnownFileType = sourcecode.c.h; path = ViewController.h; sourceTree = "<group>"; };
		BFE0B6831EC98B84002C5CFF /* ViewController.m */ = {isa = PBXFileReference; lastKnownFileType = sourcecode.c.objc; path = ViewController.m; sourceTree = "<group>"; };
		BFE0B6861EC98B84002C5CFF /* Base */ = {isa = PBXFileReference; lastKnownFileType = file.storyboard; name = Base; path = Base.lproj/Main.storyboard; sourceTree = "<group>"; };
		BFE0B6881EC98B84002C5CFF /* Assets.xcassets */ = {isa = PBXFileReference; lastKnownFileType = folder.assetcatalog; path = Assets.xcassets; sourceTree = "<group>"; };
		BFE0B68B1EC98B84002C5CFF /* Base */ = {isa = PBXFileReference; lastKnownFileType = file.storyboard; name = Base; path = Base.lproj/LaunchScreen.storyboard; sourceTree = "<group>"; };
		BFE0B68D1EC98B84002C5CFF /* Info.plist */ = {isa = PBXFileReference; lastKnownFileType = text.plist.xml; path = Info.plist; sourceTree = "<group>"; };
		BFE0B6931EC98C0F002C5CFF /* CameraViewController.h */ = {isa = PBXFileReference; fileEncoding = 4; lastKnownFileType = sourcecode.c.h; path = CameraViewController.h; sourceTree = "<group>"; };
		BFE0B6941EC98C0F002C5CFF /* CameraViewController.m */ = {isa = PBXFileReference; fileEncoding = 4; lastKnownFileType = sourcecode.c.objc; path = CameraViewController.m; sourceTree = "<group>"; };
		BFE0B6961EC98C84002C5CFF /* CameraManager.h */ = {isa = PBXFileReference; fileEncoding = 4; lastKnownFileType = sourcecode.c.h; path = CameraManager.h; sourceTree = "<group>"; };
		BFE0B6971EC98C84002C5CFF /* CameraManager.m */ = {isa = PBXFileReference; fileEncoding = 4; lastKnownFileType = sourcecode.c.objc; path = CameraManager.m; sourceTree = "<group>"; };
		BFE0B6991EC98F3F002C5CFF /* UIImage+Resize.h */ = {isa = PBXFileReference; fileEncoding = 4; lastKnownFileType = sourcecode.c.h; path = "UIImage+Resize.h"; sourceTree = "<group>"; };
		BFE0B69A1EC98F3F002C5CFF /* UIImage+Resize.m */ = {isa = PBXFileReference; fileEncoding = 4; lastKnownFileType = sourcecode.c.objc; path = "UIImage+Resize.m"; sourceTree = "<group>"; };
		BFE0B69C1EC99117002C5CFF /* CameraTopBarView.xib */ = {isa = PBXFileReference; fileEncoding = 4; lastKnownFileType = file.xib; path = CameraTopBarView.xib; sourceTree = "<group>"; };
		BFE0B69E1EC992B3002C5CFF /* CameraBottomBar.xib */ = {isa = PBXFileReference; fileEncoding = 4; lastKnownFileType = file.xib; path = CameraBottomBar.xib; sourceTree = "<group>"; };
		BFE0B6A11EC993BF002C5CFF /* LICENSE */ = {isa = PBXFileReference; fileEncoding = 4; lastKnownFileType = text; path = LICENSE; sourceTree = "<group>"; };
		BFE0B6A31EC993BF002C5CFF /* MASCompositeConstraint.h */ = {isa = PBXFileReference; fileEncoding = 4; lastKnownFileType = sourcecode.c.h; path = MASCompositeConstraint.h; sourceTree = "<group>"; };
		BFE0B6A41EC993BF002C5CFF /* MASCompositeConstraint.m */ = {isa = PBXFileReference; fileEncoding = 4; lastKnownFileType = sourcecode.c.objc; path = MASCompositeConstraint.m; sourceTree = "<group>"; };
		BFE0B6A51EC993BF002C5CFF /* MASConstraint+Private.h */ = {isa = PBXFileReference; fileEncoding = 4; lastKnownFileType = sourcecode.c.h; path = "MASConstraint+Private.h"; sourceTree = "<group>"; };
		BFE0B6A61EC993BF002C5CFF /* MASConstraint.h */ = {isa = PBXFileReference; fileEncoding = 4; lastKnownFileType = sourcecode.c.h; path = MASConstraint.h; sourceTree = "<group>"; };
		BFE0B6A71EC993BF002C5CFF /* MASConstraint.m */ = {isa = PBXFileReference; fileEncoding = 4; lastKnownFileType = sourcecode.c.objc; path = MASConstraint.m; sourceTree = "<group>"; };
		BFE0B6A81EC993BF002C5CFF /* MASConstraintMaker.h */ = {isa = PBXFileReference; fileEncoding = 4; lastKnownFileType = sourcecode.c.h; path = MASConstraintMaker.h; sourceTree = "<group>"; };
		BFE0B6A91EC993BF002C5CFF /* MASConstraintMaker.m */ = {isa = PBXFileReference; fileEncoding = 4; lastKnownFileType = sourcecode.c.objc; path = MASConstraintMaker.m; sourceTree = "<group>"; };
		BFE0B6AA1EC993BF002C5CFF /* MASLayoutConstraint.h */ = {isa = PBXFileReference; fileEncoding = 4; lastKnownFileType = sourcecode.c.h; path = MASLayoutConstraint.h; sourceTree = "<group>"; };
		BFE0B6AB1EC993BF002C5CFF /* MASLayoutConstraint.m */ = {isa = PBXFileReference; fileEncoding = 4; lastKnownFileType = sourcecode.c.objc; path = MASLayoutConstraint.m; sourceTree = "<group>"; };
		BFE0B6AC1EC993BF002C5CFF /* Masonry.h */ = {isa = PBXFileReference; fileEncoding = 4; lastKnownFileType = sourcecode.c.h; path = Masonry.h; sourceTree = "<group>"; };
		BFE0B6AD1EC993BF002C5CFF /* MASUtilities.h */ = {isa = PBXFileReference; fileEncoding = 4; lastKnownFileType = sourcecode.c.h; path = MASUtilities.h; sourceTree = "<group>"; };
		BFE0B6AE1EC993BF002C5CFF /* MASViewAttribute.h */ = {isa = PBXFileReference; fileEncoding = 4; lastKnownFileType = sourcecode.c.h; path = MASViewAttribute.h; sourceTree = "<group>"; };
		BFE0B6AF1EC993BF002C5CFF /* MASViewAttribute.m */ = {isa = PBXFileReference; fileEncoding = 4; lastKnownFileType = sourcecode.c.objc; path = MASViewAttribute.m; sourceTree = "<group>"; };
		BFE0B6B01EC993BF002C5CFF /* MASViewConstraint.h */ = {isa = PBXFileReference; fileEncoding = 4; lastKnownFileType = sourcecode.c.h; path = MASViewConstraint.h; sourceTree = "<group>"; };
		BFE0B6B11EC993BF002C5CFF /* MASViewConstraint.m */ = {isa = PBXFileReference; fileEncoding = 4; lastKnownFileType = sourcecode.c.objc; path = MASViewConstraint.m; sourceTree = "<group>"; };
		BFE0B6B21EC993BF002C5CFF /* NSArray+MASAdditions.h */ = {isa = PBXFileReference; fileEncoding = 4; lastKnownFileType = sourcecode.c.h; path = "NSArray+MASAdditions.h"; sourceTree = "<group>"; };
		BFE0B6B31EC993BF002C5CFF /* NSArray+MASAdditions.m */ = {isa = PBXFileReference; fileEncoding = 4; lastKnownFileType = sourcecode.c.objc; path = "NSArray+MASAdditions.m"; sourceTree = "<group>"; };
		BFE0B6B41EC993BF002C5CFF /* NSArray+MASShorthandAdditions.h */ = {isa = PBXFileReference; fileEncoding = 4; lastKnownFileType = sourcecode.c.h; path = "NSArray+MASShorthandAdditions.h"; sourceTree = "<group>"; };
		BFE0B6B51EC993BF002C5CFF /* NSLayoutConstraint+MASDebugAdditions.h */ = {isa = PBXFileReference; fileEncoding = 4; lastKnownFileType = sourcecode.c.h; path = "NSLayoutConstraint+MASDebugAdditions.h"; sourceTree = "<group>"; };
		BFE0B6B61EC993BF002C5CFF /* NSLayoutConstraint+MASDebugAdditions.m */ = {isa = PBXFileReference; fileEncoding = 4; lastKnownFileType = sourcecode.c.objc; path = "NSLayoutConstraint+MASDebugAdditions.m"; sourceTree = "<group>"; };
		BFE0B6B71EC993BF002C5CFF /* View+MASAdditions.h */ = {isa = PBXFileReference; fileEncoding = 4; lastKnownFileType = sourcecode.c.h; path = "View+MASAdditions.h"; sourceTree = "<group>"; };
		BFE0B6B81EC993BF002C5CFF /* View+MASAdditions.m */ = {isa = PBXFileReference; fileEncoding = 4; lastKnownFileType = sourcecode.c.objc; path = "View+MASAdditions.m"; sourceTree = "<group>"; };
		BFE0B6B91EC993BF002C5CFF /* View+MASShorthandAdditions.h */ = {isa = PBXFileReference; fileEncoding = 4; lastKnownFileType = sourcecode.c.h; path = "View+MASShorthandAdditions.h"; sourceTree = "<group>"; };
		BFE0B6BA1EC993BF002C5CFF /* ViewController+MASAdditions.h */ = {isa = PBXFileReference; fileEncoding = 4; lastKnownFileType = sourcecode.c.h; path = "ViewController+MASAdditions.h"; sourceTree = "<group>"; };
		BFE0B6BB1EC993BF002C5CFF /* ViewController+MASAdditions.m */ = {isa = PBXFileReference; fileEncoding = 4; lastKnownFileType = sourcecode.c.objc; path = "ViewController+MASAdditions.m"; sourceTree = "<group>"; };
		BFE0B6BC1EC993BF002C5CFF /* README.md */ = {isa = PBXFileReference; fileEncoding = 4; lastKnownFileType = net.daringfireball.markdown; path = README.md; sourceTree = "<group>"; };
		BFE0B6C91EC99588002C5CFF /* UIView+Additions.h */ = {isa = PBXFileReference; fileEncoding = 4; lastKnownFileType = sourcecode.c.h; path = "UIView+Additions.h"; sourceTree = "<group>"; };
		BFE0B6CA1EC99588002C5CFF /* UIView+Additions.m */ = {isa = PBXFileReference; fileEncoding = 4; lastKnownFileType = sourcecode.c.objc; path = "UIView+Additions.m"; sourceTree = "<group>"; };
/* End PBXFileReference section */

/* Begin PBXFrameworksBuildPhase section */
		BFE0B6761EC98B84002C5CFF /* Frameworks */ = {
			isa = PBXFrameworksBuildPhase;
			buildActionMask = 2147483647;
			files = (
			);
			runOnlyForDeploymentPostprocessing = 0;
		};
/* End PBXFrameworksBuildPhase section */

/* Begin PBXGroup section */
		BFE0B6701EC98B84002C5CFF = {
			isa = PBXGroup;
			children = (
				BFE0B67B1EC98B84002C5CFF /* myCamera */,
				BFE0B67A1EC98B84002C5CFF /* Products */,
			);
			sourceTree = "<group>";
		};
		BFE0B67A1EC98B84002C5CFF /* Products */ = {
			isa = PBXGroup;
			children = (
				BFE0B6791EC98B84002C5CFF /* myCamera.app */,
			);
			name = Products;
			sourceTree = "<group>";
		};
		BFE0B67B1EC98B84002C5CFF /* myCamera */ = {
			isa = PBXGroup;
			children = (
				BFE0B67F1EC98B84002C5CFF /* AppDelegate.h */,
				BFE0B6801EC98B84002C5CFF /* AppDelegate.m */,
				BFE0B6821EC98B84002C5CFF /* ViewController.h */,
				BFE0B6831EC98B84002C5CFF /* ViewController.m */,
				BFE0B6931EC98C0F002C5CFF /* CameraViewController.h */,
				BFE0B6941EC98C0F002C5CFF /* CameraViewController.m */,
				BFE0B6961EC98C84002C5CFF /* CameraManager.h */,
				BFE0B6971EC98C84002C5CFF /* CameraManager.m */,
				BFE0B6991EC98F3F002C5CFF /* UIImage+Resize.h */,
				BFE0B69A1EC98F3F002C5CFF /* UIImage+Resize.m */,
				BFE0B6C91EC99588002C5CFF /* UIView+Additions.h */,
				BFE0B6CA1EC99588002C5CFF /* UIView+Additions.m */,
				BFE0B6A01EC993BF002C5CFF /* Masonry */,
				BFE0B69C1EC99117002C5CFF /* CameraTopBarView.xib */,
				BFE0B69E1EC992B3002C5CFF /* CameraBottomBar.xib */,
				BFE0B6851EC98B84002C5CFF /* Main.storyboard */,
				BFE0B6881EC98B84002C5CFF /* Assets.xcassets */,
				BFE0B68A1EC98B84002C5CFF /* LaunchScreen.storyboard */,
				BFE0B68D1EC98B84002C5CFF /* Info.plist */,
				BFE0B67C1EC98B84002C5CFF /* Supporting Files */,
			);
			path = myCamera;
			sourceTree = "<group>";
		};
		BFE0B67C1EC98B84002C5CFF /* Supporting Files */ = {
			isa = PBXGroup;
			children = (
				BFE0B67D1EC98B84002C5CFF /* main.m */,
			);
			name = "Supporting Files";
			sourceTree = "<group>";
		};
		BFE0B6A01EC993BF002C5CFF /* Masonry */ = {
			isa = PBXGroup;
			children = (
				BFE0B6A11EC993BF002C5CFF /* LICENSE */,
				BFE0B6A21EC993BF002C5CFF /* Masonry */,
				BFE0B6BC1EC993BF002C5CFF /* README.md */,
			);
			path = Masonry;
			sourceTree = "<group>";
		};
		BFE0B6A21EC993BF002C5CFF /* Masonry */ = {
			isa = PBXGroup;
			children = (
				BFE0B6A31EC993BF002C5CFF /* MASCompositeConstraint.h */,
				BFE0B6A41EC993BF002C5CFF /* MASCompositeConstraint.m */,
				BFE0B6A51EC993BF002C5CFF /* MASConstraint+Private.h */,
				BFE0B6A61EC993BF002C5CFF /* MASConstraint.h */,
				BFE0B6A71EC993BF002C5CFF /* MASConstraint.m */,
				BFE0B6A81EC993BF002C5CFF /* MASConstraintMaker.h */,
				BFE0B6A91EC993BF002C5CFF /* MASConstraintMaker.m */,
				BFE0B6AA1EC993BF002C5CFF /* MASLayoutConstraint.h */,
				BFE0B6AB1EC993BF002C5CFF /* MASLayoutConstraint.m */,
				BFE0B6AC1EC993BF002C5CFF /* Masonry.h */,
				BFE0B6AD1EC993BF002C5CFF /* MASUtilities.h */,
				BFE0B6AE1EC993BF002C5CFF /* MASViewAttribute.h */,
				BFE0B6AF1EC993BF002C5CFF /* MASViewAttribute.m */,
				BFE0B6B01EC993BF002C5CFF /* MASViewConstraint.h */,
				BFE0B6B11EC993BF002C5CFF /* MASViewConstraint.m */,
				BFE0B6B21EC993BF002C5CFF /* NSArray+MASAdditions.h */,
				BFE0B6B31EC993BF002C5CFF /* NSArray+MASAdditions.m */,
				BFE0B6B41EC993BF002C5CFF /* NSArray+MASShorthandAdditions.h */,
				BFE0B6B51EC993BF002C5CFF /* NSLayoutConstraint+MASDebugAdditions.h */,
				BFE0B6B61EC993BF002C5CFF /* NSLayoutConstraint+MASDebugAdditions.m */,
				BFE0B6B71EC993BF002C5CFF /* View+MASAdditions.h */,
				BFE0B6B81EC993BF002C5CFF /* View+MASAdditions.m */,
				BFE0B6B91EC993BF002C5CFF /* View+MASShorthandAdditions.h */,
				BFE0B6BA1EC993BF002C5CFF /* ViewController+MASAdditions.h */,
				BFE0B6BB1EC993BF002C5CFF /* ViewController+MASAdditions.m */,
			);
			path = Masonry;
			sourceTree = "<group>";
		};
/* End PBXGroup section */

/* Begin PBXNativeTarget section */
		BFE0B6781EC98B84002C5CFF /* myCamera */ = {
			isa = PBXNativeTarget;
			buildConfigurationList = BFE0B6901EC98B84002C5CFF /* Build configuration list for PBXNativeTarget "myCamera" */;
			buildPhases = (
				BFE0B6751EC98B84002C5CFF /* Sources */,
				BFE0B6761EC98B84002C5CFF /* Frameworks */,
				BFE0B6771EC98B84002C5CFF /* Resources */,
			);
			buildRules = (
			);
			dependencies = (
			);
			name = myCamera;
			productName = myCamera;
			productReference = BFE0B6791EC98B84002C5CFF /* myCamera.app */;
			productType = "com.apple.product-type.application";
		};
/* End PBXNativeTarget section */

/* Begin PBXProject section */
		BFE0B6711EC98B84002C5CFF /* Project object */ = {
			isa = PBXProject;
			attributes = {
				LastUpgradeCheck = 0830;
				ORGANIZATIONNAME = com.zcbl.BeiJingJiaoJing;
				TargetAttributes = {
					BFE0B6781EC98B84002C5CFF = {
						CreatedOnToolsVersion = 8.3.1;
						DevelopmentTeam = TN3XPTCQTG;
						ProvisioningStyle = Automatic;
					};
				};
			};
			buildConfigurationList = BFE0B6741EC98B84002C5CFF /* Build configuration list for PBXProject "myCamera" */;
			compatibilityVersion = "Xcode 3.2";
			developmentRegion = English;
			hasScannedForEncodings = 0;
			knownRegions = (
				en,
				Base,
			);
			mainGroup = BFE0B6701EC98B84002C5CFF;
			productRefGroup = BFE0B67A1EC98B84002C5CFF /* Products */;
			projectDirPath = "";
			projectRoot = "";
			targets = (
				BFE0B6781EC98B84002C5CFF /* myCamera */,
			);
		};
/* End PBXProject section */

/* Begin PBXResourcesBuildPhase section */
		BFE0B6771EC98B84002C5CFF /* Resources */ = {
			isa = PBXResourcesBuildPhase;
			buildActionMask = 2147483647;
			files = (
				BFE0B6BD1EC993BF002C5CFF /* LICENSE in Resources */,
				BFE0B68C1EC98B84002C5CFF /* LaunchScreen.storyboard in Resources */,
				BFE0B69F1EC992B3002C5CFF /* CameraBottomBar.xib in Resources */,
				BFE0B69D1EC99117002C5CFF /* CameraTopBarView.xib in Resources */,
				BFE0B6891EC98B84002C5CFF /* Assets.xcassets in Resources */,
				BFE0B6871EC98B84002C5CFF /* Main.storyboard in Resources */,
			);
			runOnlyForDeploymentPostprocessing = 0;
		};
/* End PBXResourcesBuildPhase section */

/* Begin PBXSourcesBuildPhase section */
		BFE0B6751EC98B84002C5CFF /* Sources */ = {
			isa = PBXSourcesBuildPhase;
			buildActionMask = 2147483647;
			files = (
				BFE0B6BF1EC993BF002C5CFF /* MASConstraint.m in Sources */,
				BFE0B6C21EC993BF002C5CFF /* MASViewAttribute.m in Sources */,
				BFE0B6C71EC993BF002C5CFF /* ViewController+MASAdditions.m in Sources */,
				BFE0B6C41EC993BF002C5CFF /* NSArray+MASAdditions.m in Sources */,
				BFE0B6841EC98B84002C5CFF /* ViewController.m in Sources */,
				BFE0B6C31EC993BF002C5CFF /* MASViewConstraint.m in Sources */,
				BFE0B6C11EC993BF002C5CFF /* MASLayoutConstraint.m in Sources */,
				BFE0B69B1EC98F3F002C5CFF /* UIImage+Resize.m in Sources */,
				BFE0B6951EC98C0F002C5CFF /* CameraViewController.m in Sources */,
				BFE0B6C61EC993BF002C5CFF /* View+MASAdditions.m in Sources */,
				BFE0B6BE1EC993BF002C5CFF /* MASCompositeConstraint.m in Sources */,
				BFE0B6C81EC993BF002C5CFF /* README.md in Sources */,
				BFE0B6CB1EC99588002C5CFF /* UIView+Additions.m in Sources */,
				BFE0B6C51EC993BF002C5CFF /* NSLayoutConstraint+MASDebugAdditions.m in Sources */,
				BFE0B6C01EC993BF002C5CFF /* MASConstraintMaker.m in Sources */,
				BFE0B6811EC98B84002C5CFF /* AppDelegate.m in Sources */,
				BFE0B67E1EC98B84002C5CFF /* main.m in Sources */,
				BFE0B6981EC98C84002C5CFF /* CameraManager.m in Sources */,
			);
			runOnlyForDeploymentPostprocessing = 0;
		};
/* End PBXSourcesBuildPhase section */

/* Begin PBXVariantGroup section */
		BFE0B6851EC98B84002C5CFF /* Main.storyboard */ = {
			isa = PBXVariantGroup;
			children = (
				BFE0B6861EC98B84002C5CFF /* Base */,
			);
			name = Main.storyboard;
			sourceTree = "<group>";
		};
		BFE0B68A1EC98B84002C5CFF /* LaunchScreen.storyboard */ = {
			isa = PBXVariantGroup;
			children = (
				BFE0B68B1EC98B84002C5CFF /* Base */,
			);
			name = LaunchScreen.storyboard;
			sourceTree = "<group>";
		};
/* End PBXVariantGroup section */

/* Begin XCBuildConfiguration section */
		BFE0B68E1EC98B84002C5CFF /* Debug */ = {
			isa = XCBuildConfiguration;
			buildSettings = {
				ALWAYS_SEARCH_USER_PATHS = NO;
				CLANG_ANALYZER_NONNULL = YES;
				CLANG_ANALYZER_NUMBER_OBJECT_CONVERSION = YES_AGGRESSIVE;
				CLANG_CXX_LANGUAGE_STANDARD = "gnu++0x";
				CLANG_CXX_LIBRARY = "libc++";
				CLANG_ENABLE_MODULES = YES;
				CLANG_ENABLE_OBJC_ARC = YES;
				CLANG_WARN_BOOL_CONVERSION = YES;
				CLANG_WARN_CONSTANT_CONVERSION = YES;
				CLANG_WARN_DIRECT_OBJC_ISA_USAGE = YES_ERROR;
				CLANG_WARN_DOCUMENTATION_COMMENTS = YES;
				CLANG_WARN_EMPTY_BODY = YES;
				CLANG_WARN_ENUM_CONVERSION = YES;
				CLANG_WARN_INFINITE_RECURSION = YES;
				CLANG_WARN_INT_CONVERSION = YES;
				CLANG_WARN_OBJC_ROOT_CLASS = YES_ERROR;
				CLANG_WARN_SUSPICIOUS_MOVE = YES;
				CLANG_WARN_UNREACHABLE_CODE = YES;
				CLANG_WARN__DUPLICATE_METHOD_MATCH = YES;
				"CODE_SIGN_IDENTITY[sdk=iphoneos*]" = "iPhone Developer";
				COPY_PHASE_STRIP = NO;
				DEBUG_INFORMATION_FORMAT = dwarf;
				ENABLE_STRICT_OBJC_MSGSEND = YES;
				ENABLE_TESTABILITY = YES;
				GCC_C_LANGUAGE_STANDARD = gnu99;
				GCC_DYNAMIC_NO_PIC = NO;
				GCC_NO_COMMON_BLOCKS = YES;
				GCC_OPTIMIZATION_LEVEL = 0;
				GCC_PREPROCESSOR_DEFINITIONS = (
					"DEBUG=1",
					"$(inherited)",
				);
				GCC_WARN_64_TO_32_BIT_CONVERSION = YES;
				GCC_WARN_ABOUT_RETURN_TYPE = YES_ERROR;
				GCC_WARN_UNDECLARED_SELECTOR = YES;
				GCC_WARN_UNINITIALIZED_AUTOS = YES_AGGRESSIVE;
				GCC_WARN_UNUSED_FUNCTION = YES;
				GCC_WARN_UNUSED_VARIABLE = YES;
				IPHONEOS_DEPLOYMENT_TARGET = 10.3;
				MTL_ENABLE_DEBUG_INFO = YES;
				ONLY_ACTIVE_ARCH = YES;
				SDKROOT = iphoneos;
			};
			name = Debug;
		};
		BFE0B68F1EC98B84002C5CFF /* Release */ = {
			isa = XCBuildConfiguration;
			buildSettings = {
				ALWAYS_SEARCH_USER_PATHS = NO;
				CLANG_ANALYZER_NONNULL = YES;
				CLANG_ANALYZER_NUMBER_OBJECT_CONVERSION = YES_AGGRESSIVE;
				CLANG_CXX_LANGUAGE_STANDARD = "gnu++0x";
				CLANG_CXX_LIBRARY = "libc++";
				CLANG_ENABLE_MODULES = YES;
				CLANG_ENABLE_OBJC_ARC = YES;
				CLANG_WARN_BOOL_CONVERSION = YES;
				CLANG_WARN_CONSTANT_CONVERSION = YES;
				CLANG_WARN_DIRECT_OBJC_ISA_USAGE = YES_ERROR;
				CLANG_WARN_DOCUMENTATION_COMMENTS = YES;
				CLANG_WARN_EMPTY_BODY = YES;
				CLANG_WARN_ENUM_CONVERSION = YES;
				CLANG_WARN_INFINITE_RECURSION = YES;
				CLANG_WARN_INT_CONVERSION = YES;
				CLANG_WARN_OBJC_ROOT_CLASS = YES_ERROR;
				CLANG_WARN_SUSPICIOUS_MOVE = YES;
				CLANG_WARN_UNREACHABLE_CODE = YES;
				CLANG_WARN__DUPLICATE_METHOD_MATCH = YES;
				"CODE_SIGN_IDENTITY[sdk=iphoneos*]" = "iPhone Developer";
				COPY_PHASE_STRIP = NO;
				DEBUG_INFORMATION_FORMAT = "dwarf-with-dsym";
				ENABLE_NS_ASSERTIONS = NO;
				ENABLE_STRICT_OBJC_MSGSEND = YES;
				GCC_C_LANGUAGE_STANDARD = gnu99;
				GCC_NO_COMMON_BLOCKS = YES;
				GCC_WARN_64_TO_32_BIT_CONVERSION = YES;
				GCC_WARN_ABOUT_RETURN_TYPE = YES_ERROR;
				GCC_WARN_UNDECLARED_SELECTOR = YES;
				GCC_WARN_UNINITIALIZED_AUTOS = YES_AGGRESSIVE;
				GCC_WARN_UNUSED_FUNCTION = YES;
				GCC_WARN_UNUSED_VARIABLE = YES;
				IPHONEOS_DEPLOYMENT_TARGET = 10.3;
				MTL_ENABLE_DEBUG_INFO = NO;
				SDKROOT = iphoneos;
				VALIDATE_PRODUCT = YES;
			};
			name = Release;
		};
		BFE0B6911EC98B84002C5CFF /* Debug */ = {
			isa = XCBuildConfiguration;
			buildSettings = {
				ASSETCATALOG_COMPILER_APPICON_NAME = AppIcon;
				DEVELOPMENT_TEAM = TN3XPTCQTG;
				INFOPLIST_FILE = myCamera/Info.plist;
				IPHONEOS_DEPLOYMENT_TARGET = 8.0;
				LD_RUNPATH_SEARCH_PATHS = "$(inherited) @executable_path/Frameworks";
				PRODUCT_BUNDLE_IDENTIFIER = jjForPolice.myCamera;
				PRODUCT_NAME = "$(TARGET_NAME)";
			};
			name = Debug;
		};
		BFE0B6921EC98B84002C5CFF /* Release */ = {
			isa = XCBuildConfiguration;
			buildSettings = {
				ASSETCATALOG_COMPILER_APPICON_NAME = AppIcon;
				DEVELOPMENT_TEAM = TN3XPTCQTG;
				INFOPLIST_FILE = myCamera/Info.plist;
				IPHONEOS_DEPLOYMENT_TARGET = 8.0;
				LD_RUNPATH_SEARCH_PATHS = "$(inherited) @executable_path/Frameworks";
				PRODUCT_BUNDLE_IDENTIFIER = jjForPolice.myCamera;
				PRODUCT_NAME = "$(TARGET_NAME)";
			};
			name = Release;
		};
/* End XCBuildConfiguration section */

/* Begin XCConfigurationList section */
		BFE0B6741EC98B84002C5CFF /* Build configuration list for PBXProject "myCamera" */ = {
			isa = XCConfigurationList;
			buildConfigurations = (
				BFE0B68E1EC98B84002C5CFF /* Debug */,
				BFE0B68F1EC98B84002C5CFF /* Release */,
			);
			defaultConfigurationIsVisible = 0;
			defaultConfigurationName = Release;
		};
		BFE0B6901EC98B84002C5CFF /* Build configuration list for PBXNativeTarget "myCamera" */ = {
			isa = XCConfigurationList;
			buildConfigurations = (
				BFE0B6911EC98B84002C5CFF /* Debug */,
				BFE0B6921EC98B84002C5CFF /* Release */,
			);
			defaultConfigurationIsVisible = 0;
		};
/* End XCConfigurationList section */
	};
	rootObject = BFE0B6711EC98B84002C5CFF /* Project object */;
}
